
Microsoft Visual Studio Solution File, Format Version 12.00
# Visual Studio Version 16
VisualStudioVersion = 16.0.30114.105
MinimumVisualStudioVersion = 10.0.40219.1
Project("{FAE04EC0-301F-11D3-BF4B-00C04F79EFBC}") = "MSPOC.Customer.Service", "src\MSPOC.Customer.Service.csproj", "{FCA907D2-6039-4AC5-8B8A-04AC11819DC8}"
EndProject
Project("{2150E333-8FDC-42A3-9474-1A3956D46DE8}") = "test", "test", "{FF29312E-DB3A-4237-A576-74B757DFB7BA}"
EndProject
Project("{FAE04EC0-301F-11D3-BF4B-00C04F79EFBC}") = "MSPOC.Customer.Service.UnitTest", "test\MSPOC.Customer.Service.UnitTest\MSPOC.Customer.Service.UnitTest.csproj", "{893C2B36-7C85-46E1-82FD-6E920B3E3467}"
EndProject
Global
	GlobalSection(SolutionConfigurationPlatforms) = preSolution
		Debug|Any CPU = Debug|Any CPU
		Release|Any CPU = Release|Any CPU
	EndGlobalSection
	GlobalSection(SolutionProperties) = preSolution
		HideSolutionNode = FALSE
	EndGlobalSection
	GlobalSection(ProjectConfigurationPlatforms) = postSolution
		{FCA907D2-6039-4AC5-8B8A-04AC11819DC8}.Debug|Any CPU.ActiveCfg = Debug|Any CPU
		{FCA907D2-6039-4AC5-8B8A-04AC11819DC8}.Debug|Any CPU.Build.0 = Debug|Any CPU
		{FCA907D2-6039-4AC5-8B8A-04AC11819DC8}.Release|Any CPU.ActiveCfg = Release|Any CPU
		{FCA907D2-6039-4AC5-8B8A-04AC11819DC8}.Release|Any CPU.Build.0 = Release|Any CPU
		{893C2B36-7C85-46E1-82FD-6E920B3E3467}.Debug|Any CPU.ActiveCfg = Debug|Any CPU
		{893C2B36-7C85-46E1-82FD-6E920B3E3467}.Debug|Any CPU.Build.0 = Debug|Any CPU
		{893C2B36-7C85-46E1-82FD-6E920B3E3467}.Release|Any CPU.ActiveCfg = Release|Any CPU
		{893C2B36-7C85-46E1-82FD-6E920B3E3467}.Release|Any CPU.Build.0 = Release|Any CPU
	EndGlobalSection
	GlobalSection(NestedProjects) = preSolution
		{893C2B36-7C85-46E1-82FD-6E920B3E3467} = {FF29312E-DB3A-4237-A576-74B757DFB7BA}
	EndGlobalSection
EndGlobal
